PODS:
  - BitmovinPlayer (3.18.0)
  - Mux-Stats-Core (3.12.0)

DEPENDENCIES:
  - BitmovinPlayer
  - Mux-Stats-Core

SPEC REPOS:
  https://github.com/bitmovin/cocoapod-specs.git:
    - BitmovinPlayer
  trunk:
    - Mux-Stats-Core

SPEC CHECKSUMS:
  BitmovinPlayer: 2cc54b36a6fc6ea2c2189f255a00d54a94e755a2
  Mux-Stats-Core: 47e36730a0b7e094b68c73737c0ce6cfefc3c3a6

PODFILE CHECKSUM: 35359a8ac23c22578f5fb0bcba5f71e43b22dc8b

COCOAPODS: 1.11.3
